
Microsoft Visual Studio Solution File, Format Version 12.00
# Visual Studio Version 17
VisualStudioVersion = 17.0.31903.59
MinimumVisualStudioVersion = 10.0.40219.1
Project("{FAE04EC0-301F-11D3-BF4B-00C04F79EFBC}") = "FiveSafes.Net", "FiveSafes.Net\FiveSafes.Net.csproj", "{6F8306F9-8022-4364-9754-9AB3FEA8C892}"
EndProject
Project("{FAE04EC0-301F-11D3-BF4B-00C04F79EFBC}") = "FiveSafes.Net.Tests", "FiveSafes.Net.Tests\FiveSafes.Net.Tests.csproj", "{703CE9CD-C844-442B-9F2E-B05FE1F05A33}"
EndProject
Global
	GlobalSection(SolutionConfigurationPlatforms) = preSolution
		Debug|Any CPU = Debug|Any CPU
		Release|Any CPU = Release|Any CPU
	EndGlobalSection
	GlobalSection(SolutionProperties) = preSolution
		HideSolutionNode = FALSE
	EndGlobalSection
	GlobalSection(ProjectConfigurationPlatforms) = postSolution
		{6F8306F9-8022-4364-9754-9AB3FEA8C892}.Debug|Any CPU.ActiveCfg = Debug|Any CPU
		{6F8306F9-8022-4364-9754-9AB3FEA8C892}.Debug|Any CPU.Build.0 = Debug|Any CPU
		{6F8306F9-8022-4364-9754-9AB3FEA8C892}.Release|Any CPU.ActiveCfg = Release|Any CPU
		{6F8306F9-8022-4364-9754-9AB3FEA8C892}.Release|Any CPU.Build.0 = Release|Any CPU
		{703CE9CD-C844-442B-9F2E-B05FE1F05A33}.Debug|Any CPU.ActiveCfg = Debug|Any CPU
		{703CE9CD-C844-442B-9F2E-B05FE1F05A33}.Debug|Any CPU.Build.0 = Debug|Any CPU
		{703CE9CD-C844-442B-9F2E-B05FE1F05A33}.Release|Any CPU.ActiveCfg = Release|Any CPU
		{703CE9CD-C844-442B-9F2E-B05FE1F05A33}.Release|Any CPU.Build.0 = Release|Any CPU
	EndGlobalSection
EndGlobal
